<?xml version="1.0" encoding="UTF-8" standalone="yes" ?>
<CodeBlocks_project_file>
	<FileVersion major="1" minor="6" />
	<Project>
		<Option title="LauraCorssacCatarinaNogueira" />
		<Option pch_mode="2" />
		<Option compiler="gcc" />
		<Build>
			<Target title="Debug">
				<Option output="bin/Debug/LauraCorssacCatarinaNogueira" prefix_auto="1" extension_auto="1" />
				<Option object_output="obj/Debug/" />
				<Option type="1" />
				<Option compiler="gcc" />
				<Compiler>
					<Add option="-g" />
				</Compiler>
			</Target>
			<Target title="Release">
				<Option output="bin/Release/LauraCorssacCatarinaNogueira" prefix_auto="1" extension_auto="1" />
				<Option object_output="obj/Release/" />
				<Option type="1" />
				<Option compiler="gcc" />
				<Compiler>
					<Add option="-O2" />
				</Compiler>
				<Linker>
					<Add option="-s" />
				</Linker>
			</Target>
		</Build>
		<Compiler>
			<Add option="-Wall" />
		</Compiler>
		<Unit filename="AtualizaPontuacao.c">
			<Option compilerVar="CC" />
		</Unit>
		<Unit filename="CarregaPontuacao.c">
			<Option compilerVar="CC" />
		</Unit>
		<Unit filename="DeslocaCorpo.c">
			<Option compilerVar="CC" />
		</Unit>
		<Unit filename="Header.h" />
		<Unit filename="ImpressaoArquivoTexto.c">
			<Option compilerVar="CC" />
		</Unit>
		<Unit filename="Impressao_das_pedras.c">
			<Option compilerVar="CC" />
		</Unit>
		<Unit filename="ImprimeCobra.c">
			<Option compilerVar="CC" />
		</Unit>
		<Unit filename="InformacoesAoJogador.c">
			<Option compilerVar="CC" />
		</Unit>
		<Unit filename="Jogo.c">
			<Option compilerVar="CC" />
		</Unit>
		<Unit filename="Le_Arquivo_texto.c">
			<Option compilerVar="CC" />
		</Unit>
		<Unit filename="Macas.c">
			<Option compilerVar="CC" />
		</Unit>
		<Unit filename="Main.c">
			<Option compilerVar="CC" />
		</Unit>
		<Unit filename="Manual.c">
			<Option compilerVar="CC" />
		</Unit>
		<Unit filename="Menu.c">
			<Option compilerVar="CC" />
		</Unit>
		<Unit filename="MovimentacaoCobra.c">
			<Option compilerVar="CC" />
		</Unit>
		<Unit filename="OpcaoContinuar.c">
			<Option compilerVar="CC" />
		</Unit>
		<Unit filename="Ratos.c">
			<Option compilerVar="CC" />
		</Unit>
		<Unit filename="ReestartNasVariaveis.c">
			<Option compilerVar="CC" />
		</Unit>
		<Extensions>
			<code_completion />
			<envvars />
			<debugger />
			<lib_finder disable_auto="1" />
		</Extensions>
	</Project>
</CodeBlocks_project_file>
